// !$*UTF8*$!
{
	archiveVersion = 1;
	classes = {
	};
	objectVersion = 46;
	objects = {

/* Begin PBXBuildFile section */
		AC818AF11C21DD62000CDF03 /* news.xml in Resources */ = {isa = PBXBuildFile; fileRef = AC818AF01C21DD62000CDF03 /* news.xml */; };
		AC8319981C18A97F0051CEBB /* main.m in Sources */ = {isa = PBXBuildFile; fileRef = AC8319971C18A97F0051CEBB /* main.m */; };
		AC83199B1C18A97F0051CEBB /* AppDelegate.m in Sources */ = {isa = PBXBuildFile; fileRef = AC83199A1C18A97F0051CEBB /* AppDelegate.m */; };
		AC83199E1C18A97F0051CEBB /* ViewController.m in Sources */ = {isa = PBXBuildFile; fileRef = AC83199D1C18A97F0051CEBB /* ViewController.m */; };
		AC8319A11C18A97F0051CEBB /* Main.storyboard in Resources */ = {isa = PBXBuildFile; fileRef = AC83199F1C18A97F0051CEBB /* Main.storyboard */; };
		AC8319A31C18A97F0051CEBB /* Images.xcassets in Resources */ = {isa = PBXBuildFile; fileRef = AC8319A21C18A97F0051CEBB /* Images.xcassets */; };
		AC8319A61C18A97F0051CEBB /* LaunchScreen.xib in Resources */ = {isa = PBXBuildFile; fileRef = AC8319A41C18A97F0051CEBB /* LaunchScreen.xib */; };
		AC8319B21C18A97F0051CEBB /* TableTests.m in Sources */ = {isa = PBXBuildFile; fileRef = AC8319B11C18A97F0051CEBB /* TableTests.m */; };
		AC8319BC1C18B7DD0051CEBB /* pics.jpg in Resources */ = {isa = PBXBuildFile; fileRef = AC8319BB1C18B7DD0051CEBB /* pics.jpg */; };
/* End PBXBuildFile section */

/* Begin PBXContainerItemProxy section */
		AC8319AC1C18A97F0051CEBB /* PBXContainerItemProxy */ = {
			isa = PBXContainerItemProxy;
			containerPortal = AC83198A1C18A97F0051CEBB /* Project object */;
			proxyType = 1;
			remoteGlobalIDString = AC8319911C18A97F0051CEBB;
			remoteInfo = Table;
		};
/* End PBXContainerItemProxy section */

/* Begin PBXFileReference section */
		AC818AF01C21DD62000CDF03 /* news.xml */ = {isa = PBXFileReference; fileEncoding = 4; lastKnownFileType = text.xml; path = news.xml; sourceTree = "<group>"; };
		AC8319921C18A97F0051CEBB /* Table.app */ = {isa = PBXFileReference; explicitFileType = wrapper.application; includeInIndex = 0; path = Table.app; sourceTree = BUILT_PRODUCTS_DIR; };
		AC8319961C18A97F0051CEBB /* Info.plist */ = {isa = PBXFileReference; lastKnownFileType = text.plist.xml; path = Info.plist; sourceTree = "<group>"; };
		AC8319971C18A97F0051CEBB /* main.m */ = {isa = PBXFileReference; lastKnownFileType = sourcecode.c.objc; path = main.m; sourceTree = "<group>"; };
		AC8319991C18A97F0051CEBB /* AppDelegate.h */ = {isa = PBXFileReference; lastKnownFileType = sourcecode.c.h; path = AppDelegate.h; sourceTree = "<group>"; };
		AC83199A1C18A97F0051CEBB /* AppDelegate.m */ = {isa = PBXFileReference; lastKnownFileType = sourcecode.c.objc; path = AppDelegate.m; sourceTree = "<group>"; };
		AC83199C1C18A97F0051CEBB /* ViewController.h */ = {isa = PBXFileReference; lastKnownFileType = sourcecode.c.h; path = ViewController.h; sourceTree = "<group>"; };
		AC83199D1C18A97F0051CEBB /* ViewController.m */ = {isa = PBXFileReference; lastKnownFileType = sourcecode.c.objc; path = ViewController.m; sourceTree = "<group>"; };
		AC8319A01C18A97F0051CEBB /* Base */ = {isa = PBXFileReference; lastKnownFileType = file.storyboard; name = Base; path = Base.lproj/Main.storyboard; sourceTree = "<group>"; };
		AC8319A21C18A97F0051CEBB /* Images.xcassets */ = {isa = PBXFileReference; lastKnownFileType = folder.assetcatalog; path = Images.xcassets; sourceTree = "<group>"; };
		AC8319A51C18A97F0051CEBB /* Base */ = {isa = PBXFileReference; lastKnownFileType = file.xib; name = Base; path = Base.lproj/LaunchScreen.xib; sourceTree = "<group>"; };
		AC8319AB1C18A97F0051CEBB /* TableTests.xctest */ = {isa = PBXFileReference; explicitFileType = wrapper.cfbundle; includeInIndex = 0; path = TableTests.xctest; sourceTree = BUILT_PRODUCTS_DIR; };
		AC8319B01C18A97F0051CEBB /* Info.plist */ = {isa = PBXFileReference; lastKnownFileType = text.plist.xml; path = Info.plist; sourceTree = "<group>"; };
		AC8319B11C18A97F0051CEBB /* TableTests.m */ = {isa = PBXFileReference; lastKnownFileType = sourcecode.c.objc; path = TableTests.m; sourceTree = "<group>"; };
		AC8319BB1C18B7DD0051CEBB /* pics.jpg */ = {isa = PBXFileReference; lastKnownFileType = image.jpeg; name = pics.jpg; path = ../pics.jpg; sourceTree = "<group>"; };
/* End PBXFileReference section */

/* Begin PBXFrameworksBuildPhase section */
		AC83198F1C18A97F0051CEBB /* Frameworks */ = {
			isa = PBXFrameworksBuildPhase;
			buildActionMask = 2147483647;
			files = (
			);
			runOnlyForDeploymentPostprocessing = 0;
		};
		AC8319A81C18A97F0051CEBB /* Frameworks */ = {
			isa = PBXFrameworksBuildPhase;
			buildActionMask = 2147483647;
			files = (
			);
			runOnlyForDeploymentPostprocessing = 0;
		};
/* End PBXFrameworksBuildPhase section */

/* Begin PBXGroup section */
		AC8319891C18A97F0051CEBB = {
			isa = PBXGroup;
			children = (
				AC8319941C18A97F0051CEBB /* Table */,
				AC8319AE1C18A97F0051CEBB /* TableTests */,
				AC8319931C18A97F0051CEBB /* Products */,
			);
			sourceTree = "<group>";
		};
		AC8319931C18A97F0051CEBB /* Products */ = {
			isa = PBXGroup;
			children = (
				AC8319921C18A97F0051CEBB /* Table.app */,
				AC8319AB1C18A97F0051CEBB /* TableTests.xctest */,
			);
			name = Products;
			sourceTree = "<group>";
		};
		AC8319941C18A97F0051CEBB /* Table */ = {
			isa = PBXGroup;
			children = (
				AC8319BB1C18B7DD0051CEBB /* pics.jpg */,
				AC8319991C18A97F0051CEBB /* AppDelegate.h */,
				AC83199A1C18A97F0051CEBB /* AppDelegate.m */,
				AC83199C1C18A97F0051CEBB /* ViewController.h */,
				AC83199D1C18A97F0051CEBB /* ViewController.m */,
				AC818AF01C21DD62000CDF03 /* news.xml */,
				AC83199F1C18A97F0051CEBB /* Main.storyboard */,
				AC8319A21C18A97F0051CEBB /* Images.xcassets */,
				AC8319A41C18A97F0051CEBB /* LaunchScreen.xib */,
				AC8319951C18A97F0051CEBB /* Supporting Files */,
			);
			path = Table;
			sourceTree = "<group>";
		};
		AC8319951C18A97F0051CEBB /* Supporting Files */ = {
			isa = PBXGroup;
			children = (
				AC8319961C18A97F0051CEBB /* Info.plist */,
				AC8319971C18A97F0051CEBB /* main.m */,
			);
			name = "Supporting Files";
			sourceTree = "<group>";
		};
		AC8319AE1C18A97F0051CEBB /* TableTests */ = {
			isa = PBXGroup;
			children = (
				AC8319B11C18A97F0051CEBB /* TableTests.m */,
				AC8319AF1C18A97F0051CEBB /* Supporting Files */,
			);
			path = TableTests;
			sourceTree = "<group>";
		};
		AC8319AF1C18A97F0051CEBB /* Supporting Files */ = {
			isa = PBXGroup;
			children = (
				AC8319B01C18A97F0051CEBB /* Info.plist */,
			);
			name = "Supporting Files";
			sourceTree = "<group>";
		};
/* End PBXGroup section */

/* Begin PBXNativeTarget section */
		AC8319911C18A97F0051CEBB /* Table */ = {
			isa = PBXNativeTarget;
			buildConfigurationList = AC8319B51C18A97F0051CEBB /* Build configuration list for PBXNativeTarget "Table" */;
			buildPhases = (
				AC83198E1C18A97F0051CEBB /* Sources */,
				AC83198F1C18A97F0051CEBB /* Frameworks */,
				AC8319901C18A97F0051CEBB /* Resources */,
			);
			buildRules = (
			);
			dependencies = (
			);
			name = Table;
			productName = Table;
			productReference = AC8319921C18A97F0051CEBB /* Table.app */;
			productType = "com.apple.product-type.application";
		};
		AC8319AA1C18A97F0051CEBB /* TableTests */ = {
			isa = PBXNativeTarget;
			buildConfigurationList = AC8319B81C18A97F0051CEBB /* Build configuration list for PBXNativeTarget "TableTests" */;
			buildPhases = (
				AC8319A71C18A97F0051CEBB /* Sources */,
				AC8319A81C18A97F0051CEBB /* Frameworks */,
				AC8319A91C18A97F0051CEBB /* Resources */,
			);
			buildRules = (
			);
			dependencies = (
				AC8319AD1C18A97F0051CEBB /* PBXTargetDependency */,
			);
			name = TableTests;
			productName = TableTests;
			productReference = AC8319AB1C18A97F0051CEBB /* TableTests.xctest */;
			productType = "com.apple.product-type.bundle.unit-test";
		};
/* End PBXNativeTarget section */

/* Begin PBXProject section */
		AC83198A1C18A97F0051CEBB /* Project object */ = {
			isa = PBXProject;
			attributes = {
				LastUpgradeCheck = 0610;
				ORGANIZATIONNAME = "Guest User";
				TargetAttributes = {
					AC8319911C18A97F0051CEBB = {
						CreatedOnToolsVersion = 6.1.1;
					};
					AC8319AA1C18A97F0051CEBB = {
						CreatedOnToolsVersion = 6.1.1;
						TestTargetID = AC8319911C18A97F0051CEBB;
					};
				};
			};
			buildConfigurationList = AC83198D1C18A97F0051CEBB /* Build configuration list for PBXProject "Table" */;
			compatibilityVersion = "Xcode 3.2";
			developmentRegion = English;
			hasScannedForEncodings = 0;
			knownRegions = (
				en,
				Base,
			);
			mainGroup = AC8319891C18A97F0051CEBB;
			productRefGroup = AC8319931C18A97F0051CEBB /* Products */;
			projectDirPath = "";
			projectRoot = "";
			targets = (
				AC8319911C18A97F0051CEBB /* Table */,
				AC8319AA1C18A97F0051CEBB /* TableTests */,
			);
		};
/* End PBXProject section */

/* Begin PBXResourcesBuildPhase section */
		AC8319901C18A97F0051CEBB /* Resources */ = {
			isa = PBXResourcesBuildPhase;
			buildActionMask = 2147483647;
			files = (
				AC8319A11C18A97F0051CEBB /* Main.storyboard in Resources */,
				AC818AF11C21DD62000CDF03 /* news.xml in Resources */,
				AC8319A61C18A97F0051CEBB /* LaunchScreen.xib in Resources */,
				AC8319BC1C18B7DD0051CEBB /* pics.jpg in Resources */,
				AC8319A31C18A97F0051CEBB /* Images.xcassets in Resources */,
			);
			runOnlyForDeploymentPostprocessing = 0;
		};
		AC8319A91C18A97F0051CEBB /* Resources */ = {
			isa = PBXResourcesBuildPhase;
			buildActionMask = 2147483647;
			files = (
			);
			runOnlyForDeploymentPostprocessing = 0;
		};
/* End PBXResourcesBuildPhase section */

/* Begin PBXSourcesBuildPhase section */
		AC83198E1C18A97F0051CEBB /* Sources */ = {
			isa = PBXSourcesBuildPhase;
			buildActionMask = 2147483647;
			files = (
				AC83199E1C18A97F0051CEBB /* ViewController.m in Sources */,
				AC83199B1C18A97F0051CEBB /* AppDelegate.m in Sources */,
				AC8319981C18A97F0051CEBB /* main.m in Sources */,
			);
			runOnlyForDeploymentPostprocessing = 0;
		};
		AC8319A71C18A97F0051CEBB /* Sources */ = {
			isa = PBXSourcesBuildPhase;
			buildActionMask = 2147483647;
			files = (
				AC8319B21C18A97F0051CEBB /* TableTests.m in Sources */,
			);
			runOnlyForDeploymentPostprocessing = 0;
		};
/* End PBXSourcesBuildPhase section */

/* Begin PBXTargetDependency section */
		AC8319AD1C18A97F0051CEBB /* PBXTargetDependency */ = {
			isa = PBXTargetDependency;
			target = AC8319911C18A97F0051CEBB /* Table */;
			targetProxy = AC8319AC1C18A97F0051CEBB /* PBXContainerItemProxy */;
		};
/* End PBXTargetDependency section */

/* Begin PBXVariantGroup section */
		AC83199F1C18A97F0051CEBB /* Main.storyboard */ = {
			isa = PBXVariantGroup;
			children = (
				AC8319A01C18A97F0051CEBB /* Base */,
			);
			name = Main.storyboard;
			sourceTree = "<group>";
		};
		AC8319A41C18A97F0051CEBB /* LaunchScreen.xib */ = {
			isa = PBXVariantGroup;
			children = (
				AC8319A51C18A97F0051CEBB /* Base */,
			);
			name = LaunchScreen.xib;
			sourceTree = "<group>";
		};
/* End PBXVariantGroup section */

/* Begin XCBuildConfiguration section */
		AC8319B31C18A97F0051CEBB /* Debug */ = {
			isa = XCBuildConfiguration;
			buildSettings = {
				ALWAYS_SEARCH_USER_PATHS = NO;
				CLANG_CXX_LANGUAGE_STANDARD = "gnu++0x";
				CLANG_CXX_LIBRARY = "libc++";
				CLANG_ENABLE_MODULES = YES;
				CLANG_ENABLE_OBJC_ARC = YES;
				CLANG_WARN_BOOL_CONVERSION = YES;
				CLANG_WARN_CONSTANT_CONVERSION = YES;
				CLANG_WARN_DIRECT_OBJC_ISA_USAGE = YES_ERROR;
				CLANG_WARN_EMPTY_BODY = YES;
				CLANG_WARN_ENUM_CONVERSION = YES;
				CLANG_WARN_INT_CONVERSION = YES;
				CLANG_WARN_OBJC_ROOT_CLASS = YES_ERROR;
				CLANG_WARN_UNREACHABLE_CODE = YES;
				CLANG_WARN__DUPLICATE_METHOD_MATCH = YES;
				"CODE_SIGN_IDENTITY[sdk=iphoneos*]" = "iPhone Developer";
				COPY_PHASE_STRIP = NO;
				ENABLE_STRICT_OBJC_MSGSEND = YES;
				GCC_C_LANGUAGE_STANDARD = gnu99;
				GCC_DYNAMIC_NO_PIC = NO;
				GCC_OPTIMIZATION_LEVEL = 0;
				GCC_PREPROCESSOR_DEFINITIONS = (
					"DEBUG=1",
					"$(inherited)",
				);
				GCC_SYMBOLS_PRIVATE_EXTERN = NO;
				GCC_WARN_64_TO_32_BIT_CONVERSION = YES;
				GCC_WARN_ABOUT_RETURN_TYPE = YES_ERROR;
				GCC_WARN_UNDECLARED_SELECTOR = YES;
				GCC_WARN_UNINITIALIZED_AUTOS = YES_AGGRESSIVE;
				GCC_WARN_UNUSED_FUNCTION = YES;
				GCC_WARN_UNUSED_VARIABLE = YES;
				IPHONEOS_DEPLOYMENT_TARGET = 8.1;
				MTL_ENABLE_DEBUG_INFO = YES;
				ONLY_ACTIVE_ARCH = YES;
				SDKROOT = iphoneos;
				TARGETED_DEVICE_FAMILY = "1,2";
			};
			name = Debug;
		};
		AC8319B41C18A97F0051CEBB /* Release */ = {
			isa = XCBuildConfiguration;
			buildSettings = {
				ALWAYS_SEARCH_USER_PATHS = NO;
				CLANG_CXX_LANGUAGE_STANDARD = "gnu++0x";
				CLANG_CXX_LIBRARY = "libc++";
				CLANG_ENABLE_MODULES = YES;
				CLANG_ENABLE_OBJC_ARC = YES;
				CLANG_WARN_BOOL_CONVERSION = YES;
				CLANG_WARN_CONSTANT_CONVERSION = YES;
				CLANG_WARN_DIRECT_OBJC_ISA_USAGE = YES_ERROR;
				CLANG_WARN_EMPTY_BODY = YES;
				CLANG_WARN_ENUM_CONVERSION = YES;
				CLANG_WARN_INT_CONVERSION = YES;
				CLANG_WARN_OBJC_ROOT_CLASS = YES_ERROR;
				CLANG_WARN_UNREACHABLE_CODE = YES;
				CLANG_WARN__DUPLICATE_METHOD_MATCH = YES;
				"CODE_SIGN_IDENTITY[sdk=iphoneos*]" = "iPhone Developer";
				COPY_PHASE_STRIP = YES;
				ENABLE_NS_ASSERTIONS = NO;
				ENABLE_STRICT_OBJC_MSGSEND = YES;
				GCC_C_LANGUAGE_STANDARD = gnu99;
				GCC_WARN_64_TO_32_BIT_CONVERSION = YES;
				GCC_WARN_ABOUT_RETURN_TYPE = YES_ERROR;
				GCC_WARN_UNDECLARED_SELECTOR = YES;
				GCC_WARN_UNINITIALIZED_AUTOS = YES_AGGRESSIVE;
				GCC_WARN_UNUSED_FUNCTION = YES;
				GCC_WARN_UNUSED_VARIABLE = YES;
				IPHONEOS_DEPLOYMENT_TARGET = 8.1;
				MTL_ENABLE_DEBUG_INFO = NO;
				SDKROOT = iphoneos;
				TARGETED_DEVICE_FAMILY = "1,2";
				VALIDATE_PRODUCT = YES;
			};
			name = Release;
		};
		AC8319B61C18A97F0051CEBB /* Debug */ = {
			isa = XCBuildConfiguration;
			buildSettings = {
				ASSETCATALOG_COMPILER_APPICON_NAME = AppIcon;
				INFOPLIST_FILE = Table/Info.plist;
				LD_RUNPATH_SEARCH_PATHS = "$(inherited) @executable_path/Frameworks";
				PRODUCT_NAME = "$(TARGET_NAME)";
			};
			name = Debug;
		};
		AC8319B71C18A97F0051CEBB /* Release */ = {
			isa = XCBuildConfiguration;
			buildSettings = {
				ASSETCATALOG_COMPILER_APPICON_NAME = AppIcon;
				INFOPLIST_FILE = Table/Info.plist;
				LD_RUNPATH_SEARCH_PATHS = "$(inherited) @executable_path/Frameworks";
				PRODUCT_NAME = "$(TARGET_NAME)";
			};
			name = Release;
		};
		AC8319B91C18A97F0051CEBB /* Debug */ = {
			isa = XCBuildConfiguration;
			buildSettings = {
				BUNDLE_LOADER = "$(TEST_HOST)";
				FRAMEWORK_SEARCH_PATHS = (
					"$(SDKROOT)/Developer/Library/Frameworks",
					"$(inherited)",
				);
				GCC_PREPROCESSOR_DEFINITIONS = (
					"DEBUG=1",
					"$(inherited)",
				);
				INFOPLIST_FILE = TableTests/Info.plist;
				LD_RUNPATH_SEARCH_PATHS = "$(inherited) @executable_path/Frameworks @loader_path/Frameworks";
				PRODUCT_NAME = "$(TARGET_NAME)";
				TEST_HOST = "$(BUILT_PRODUCTS_DIR)/Table.app/Table";
			};
			name = Debug;
		};
		AC8319BA1C18A97F0051CEBB /* Release */ = {
			isa = XCBuildConfiguration;
			buildSettings = {
				BUNDLE_LOADER = "$(TEST_HOST)";
				FRAMEWORK_SEARCH_PATHS = (
					"$(SDKROOT)/Developer/Library/Frameworks",
					"$(inherited)",
				);
				INFOPLIST_FILE = TableTests/Info.plist;
				LD_RUNPATH_SEARCH_PATHS = "$(inherited) @executable_path/Frameworks @loader_path/Frameworks";
				PRODUCT_NAME = "$(TARGET_NAME)";
				TEST_HOST = "$(BUILT_PRODUCTS_DIR)/Table.app/Table";
			};
			name = Release;
		};
/* End XCBuildConfiguration section */

/* Begin XCConfigurationList section */
		AC83198D1C18A97F0051CEBB /* Build configuration list for PBXProject "Table" */ = {
			isa = XCConfigurationList;
			buildConfigurations = (
				AC8319B31C18A97F0051CEBB /* Debug */,
				AC8319B41C18A97F0051CEBB /* Release */,
			);
			defaultConfigurationIsVisible = 0;
			defaultConfigurationName = Release;
		};
		AC8319B51C18A97F0051CEBB /* Build configuration list for PBXNativeTarget "Table" */ = {
			isa = XCConfigurationList;
			buildConfigurations = (
				AC8319B61C18A97F0051CEBB /* Debug */,
				AC8319B71C18A97F0051CEBB /* Release */,
			);
			defaultConfigurationIsVisible = 0;
			defaultConfigurationName = Release;
		};
		AC8319B81C18A97F0051CEBB /* Build configuration list for PBXNativeTarget "TableTests" */ = {
			isa = XCConfigurationList;
			buildConfigurations = (
				AC8319B91C18A97F0051CEBB /* Debug */,
				AC8319BA1C18A97F0051CEBB /* Release */,
			);
			defaultConfigurationIsVisible = 0;
			defaultConfigurationName = Release;
		};
/* End XCConfigurationList section */
	};
	rootObject = AC83198A1C18A97F0051CEBB /* Project object */;
}
